
Microsoft Visual Studio Solution File, Format Version 12.00
# Visual Studio Version 16
VisualStudioVersion = 16.0.29424.173
MinimumVisualStudioVersion = 10.0.40219.1
Project("{FAE04EC0-301F-11D3-BF4B-00C04F79EFBC}") = "WebScraper", "WebScraper\WebScraper.csproj", "{56544876-B4CB-4F81-804A-871CF341B826}"
EndProject
Global
	GlobalSection(SolutionConfigurationPlatforms) = preSolution
		Debug|Any CPU = Debug|Any CPU
		Release|Any CPU = Release|Any CPU
	EndGlobalSection
	GlobalSection(ProjectConfigurationPlatforms) = postSolution
		{56544876-B4CB-4F81-804A-871CF341B826}.Debug|Any CPU.ActiveCfg = Debug|Any CPU
		{56544876-B4CB-4F81-804A-871CF341B826}.Debug|Any CPU.Build.0 = Debug|Any CPU
		{56544876-B4CB-4F81-804A-871CF341B826}.Release|Any CPU.ActiveCfg = Release|Any CPU
		{56544876-B4CB-4F81-804A-871CF341B826}.Release|Any CPU.Build.0 = Release|Any CPU
	EndGlobalSection
	GlobalSection(SolutionProperties) = preSolution
		HideSolutionNode = FALSE
	EndGlobalSection
	GlobalSection(ExtensibilityGlobals) = postSolution
		SolutionGuid = {C4C1B6B2-D9A4-40DE-8598-83A89F5850EF}
	EndGlobalSection
EndGlobal
